
Microsoft Visual Studio Solution File, Format Version 12.00
# Visual Studio 15
VisualStudioVersion = 15.0.28307.572
MinimumVisualStudioVersion = 10.0.40219.1
Project("{8BC9CEB8-8B4A-11D0-8D11-00A0C91BC942}") = "Parser", "Parser\Parser.vcxproj", "{E904A064-1703-4749-8FDD-18D79439748B}"
EndProject
Project("{8BC9CEB8-8B4A-11D0-8D11-00A0C91BC942}") = "Demo", "Demo\Demo.vcxproj", "{CB7C54C6-810C-4393-9564-EEB246E62DF6}"
EndProject
Global
	GlobalSection(SolutionConfigurationPlatforms) = preSolution
		Debug|x64 = Debug|x64
		Debug|x86 = Debug|x86
		Release|x64 = Release|x64
		Release|x86 = Release|x86
	EndGlobalSection
	GlobalSection(ProjectConfigurationPlatforms) = postSolution
		{E904A064-1703-4749-8FDD-18D79439748B}.Debug|x64.ActiveCfg = Debug|x64
		{E904A064-1703-4749-8FDD-18D79439748B}.Debug|x64.Build.0 = Debug|x64
		{E904A064-1703-4749-8FDD-18D79439748B}.Debug|x86.ActiveCfg = Debug|Win32
		{E904A064-1703-4749-8FDD-18D79439748B}.Debug|x86.Build.0 = Debug|Win32
		{E904A064-1703-4749-8FDD-18D79439748B}.Release|x64.ActiveCfg = Release|x64
		{E904A064-1703-4749-8FDD-18D79439748B}.Release|x64.Build.0 = Release|x64
		{E904A064-1703-4749-8FDD-18D79439748B}.Release|x86.ActiveCfg = Release|Win32
		{E904A064-1703-4749-8FDD-18D79439748B}.Release|x86.Build.0 = Release|Win32
		{CB7C54C6-810C-4393-9564-EEB246E62DF6}.Debug|x64.ActiveCfg = Debug|x64
		{CB7C54C6-810C-4393-9564-EEB246E62DF6}.Debug|x64.Build.0 = Debug|x64
		{CB7C54C6-810C-4393-9564-EEB246E62DF6}.Debug|x86.ActiveCfg = Debug|Win32
		{CB7C54C6-810C-4393-9564-EEB246E62DF6}.Debug|x86.Build.0 = Debug|Win32
		{CB7C54C6-810C-4393-9564-EEB246E62DF6}.Release|x64.ActiveCfg = Release|x64
		{CB7C54C6-810C-4393-9564-EEB246E62DF6}.Release|x64.Build.0 = Release|x64
		{CB7C54C6-810C-4393-9564-EEB246E62DF6}.Release|x86.ActiveCfg = Release|Win32
		{CB7C54C6-810C-4393-9564-EEB246E62DF6}.Release|x86.Build.0 = Release|Win32
	EndGlobalSection
	GlobalSection(SolutionProperties) = preSolution
		HideSolutionNode = FALSE
	EndGlobalSection
	GlobalSection(ExtensibilityGlobals) = postSolution
		SolutionGuid = {F8CD0370-B8BB-4710-9F9C-B70302216852}
	EndGlobalSection
EndGlobal
